
Microsoft Visual Studio Solution File, Format Version 12.00
# Visual Studio Version 17
VisualStudioVersion = 17.6.33815.320
MinimumVisualStudioVersion = 10.0.40219.1
Project("{FAE04EC0-301F-11D3-BF4B-00C04F79EFBC}") = "api", "api\api.csproj", "{551EC33D-AF9F-4673-884D-F155CC0DD58E}"
EndProject
Global
	GlobalSection(SolutionConfigurationPlatforms) = preSolution
		Debug|Any CPU = Debug|Any CPU
		Release|Any CPU = Release|Any CPU
	EndGlobalSection
	GlobalSection(ProjectConfigurationPlatforms) = postSolution
		{551EC33D-AF9F-4673-884D-F155CC0DD58E}.Debug|Any CPU.ActiveCfg = Debug|Any CPU
		{551EC33D-AF9F-4673-884D-F155CC0DD58E}.Debug|Any CPU.Build.0 = Debug|Any CPU
		{551EC33D-AF9F-4673-884D-F155CC0DD58E}.Release|Any CPU.ActiveCfg = Release|Any CPU
		{551EC33D-AF9F-4673-884D-F155CC0DD58E}.Release|Any CPU.Build.0 = Release|Any CPU
	EndGlobalSection
	GlobalSection(SolutionProperties) = preSolution
		HideSolutionNode = FALSE
	EndGlobalSection
	GlobalSection(ExtensibilityGlobals) = postSolution
		SolutionGuid = {0AC26644-B6BA-4644-AE5B-9A43B3A5A729}
	EndGlobalSection
EndGlobal
